<?xml version="1.0" encoding="utf-8"?>
<Project ToolsVersion="4.0" xmlns="http://schemas.microsoft.com/developer/msbuild/2003">
  <ItemGroup>
    <ClCompile Include="..\aes.c">
      <Filter>Source Files</Filter>
    </ClCompile>
    <ClCompile Include="..\aes_ctr.c">
      <Filter>Source Files</Filter>
    </ClCompile>
    <ClCompile Include="..\byteutils.c">
      <Filter>Source Files</Filter>
    </ClCompile>
    <ClCompile Include="..\fairplay_playfair.c">
      <Filter>Source Files</Filter>
    </ClCompile>
    <ClCompile Include="..\http_parser.c">
      <Filter>Source Files</Filter>
    </ClCompile>
    <ClCompile Include="..\http_request.c">
      <Filter>Source Files</Filter>
    </ClCompile>
    <ClCompile Include="..\http_response.c">
      <Filter>Source Files</Filter>
    </ClCompile>
    <ClCompile Include="..\httpd.c">
      <Filter>Source Files</Filter>
    </ClCompile>
    <ClCompile Include="..\logger.c">
      <Filter>Source Files</Filter>
    </ClCompile>
    <ClCompile Include="..\mirror_buffer.c">
      <Filter>Source Files</Filter>
    </ClCompile>
    <ClCompile Include="..\netutils.c">
      <Filter>Source Files</Filter>
    </ClCompile>
    <ClCompile Include="..\pairing.c">
      <Filter>Source Files</Filter>
    </ClCompile>
    <ClCompile Include="..\plist.c">
      <Filter>Source Files</Filter>
    </ClCompile>
    <ClCompile Include="..\raop.c">
      <Filter>Source Files</Filter>
    </ClCompile>
    <ClCompile Include="..\raop_buffer.c">
      <Filter>Source Files</Filter>
    </ClCompile>
    <ClCompile Include="..\raop_rtp.c">
      <Filter>Source Files</Filter>
    </ClCompile>
    <ClCompile Include="..\raop_rtp_mirror.c">
      <Filter>Source Files</Filter>
    </ClCompile>
  </ItemGroup>
  <ItemGroup>
    <Filter Include="Source Files">
      <UniqueIdentifier>{224E7833-AF79-3A1B-81CA-5AB8AA8B0129}</UniqueIdentifier>
    </Filter>
  </ItemGroup>
</Project>