<?xml version="1.0" encoding="utf-8"?>
<Project ToolsVersion="4.0" xmlns="http://schemas.microsoft.com/developer/msbuild/2003">
  <ItemGroup>
    <ClCompile Include="..\base64.c">
      <Filter>Source Files</Filter>
    </ClCompile>
    <ClCompile Include="..\bplist.c">
      <Filter>Source Files</Filter>
    </ClCompile>
    <ClCompile Include="..\bytearray.c">
      <Filter>Source Files</Filter>
    </ClCompile>
    <ClCompile Include="..\cnary.c">
      <Filter>Source Files</Filter>
    </ClCompile>
    <ClCompile Include="..\hashtable.c">
      <Filter>Source Files</Filter>
    </ClCompile>
    <ClCompile Include="..\list.c">
      <Filter>Source Files</Filter>
    </ClCompile>
    <ClCompile Include="..\node.c">
      <Filter>Source Files</Filter>
    </ClCompile>
    <ClCompile Include="..\node_list.c">
      <Filter>Source Files</Filter>
    </ClCompile>
    <ClCompile Include="..\plist.c">
      <Filter>Source Files</Filter>
    </ClCompile>
    <ClCompile Include="..\ptrarray.c">
      <Filter>Source Files</Filter>
    </ClCompile>
    <ClCompile Include="..\time64.c">
      <Filter>Source Files</Filter>
    </ClCompile>
    <ClCompile Include="..\xplist.c">
      <Filter>Source Files</Filter>
    </ClCompile>
  </ItemGroup>
  <ItemGroup>
    <Filter Include="Source Files">
      <UniqueIdentifier>{09BAECE5-3215-3DB6-A006-53AA3228664F}</UniqueIdentifier>
    </Filter>
  </ItemGroup>
</Project>